
Microsoft Visual Studio Solution File, Format Version 12.00
# Visual Studio Version 17
VisualStudioVersion = 17.2.32519.379
MinimumVisualStudioVersion = 10.0.40219.1
Project("{9A19103F-16F7-4668-BE54-9A1E7A4F7556}") = "WebDriverTask3", "WebDriverTask3\WebDriverTask3.csproj", "{D7819CDF-6313-4299-A6F2-5F142FD37019}"
EndProject
Project("{9A19103F-16F7-4668-BE54-9A1E7A4F7556}") = "WebDriverTests", "WebDriverTests\WebDriverTests.csproj", "{15632ACC-F598-4FF3-94D6-A10C0C50B419}"
EndProject
Global
	GlobalSection(SolutionConfigurationPlatforms) = preSolution
		Debug|Any CPU = Debug|Any CPU
		Release|Any CPU = Release|Any CPU
	EndGlobalSection
	GlobalSection(ProjectConfigurationPlatforms) = postSolution
		{D7819CDF-6313-4299-A6F2-5F142FD37019}.Debug|Any CPU.ActiveCfg = Debug|Any CPU
		{D7819CDF-6313-4299-A6F2-5F142FD37019}.Debug|Any CPU.Build.0 = Debug|Any CPU
		{D7819CDF-6313-4299-A6F2-5F142FD37019}.Release|Any CPU.ActiveCfg = Release|Any CPU
		{D7819CDF-6313-4299-A6F2-5F142FD37019}.Release|Any CPU.Build.0 = Release|Any CPU
		{15632ACC-F598-4FF3-94D6-A10C0C50B419}.Debug|Any CPU.ActiveCfg = Debug|Any CPU
		{15632ACC-F598-4FF3-94D6-A10C0C50B419}.Debug|Any CPU.Build.0 = Debug|Any CPU
		{15632ACC-F598-4FF3-94D6-A10C0C50B419}.Release|Any CPU.ActiveCfg = Release|Any CPU
		{15632ACC-F598-4FF3-94D6-A10C0C50B419}.Release|Any CPU.Build.0 = Release|Any CPU
	EndGlobalSection
	GlobalSection(SolutionProperties) = preSolution
		HideSolutionNode = FALSE
	EndGlobalSection
	GlobalSection(ExtensibilityGlobals) = postSolution
		SolutionGuid = {34904386-1FF9-4F63-A715-7758D73FF407}
	EndGlobalSection
EndGlobal
